
Microsoft Visual Studio Solution File, Format Version 12.00
# Visual Studio 2015
Project("{FAE04EC0-301F-11D3-BF4B-00C04F79EFBC}") = "alone cat", "alone cat.csproj", "{8525A671-EE8D-BA00-5461-E5BC1AB8A40F}"
EndProject
Global
	GlobalSection(SolutionConfigurationPlatforms) = preSolution
		Debug|Any CPU = Debug|Any CPU
		Release|Any CPU = Release|Any CPU
	EndGlobalSection
	GlobalSection(ProjectConfigurationPlatforms) = postSolution
		{8525A671-EE8D-BA00-5461-E5BC1AB8A40F}.Debug|Any CPU.ActiveCfg = Debug|Any CPU
		{8525A671-EE8D-BA00-5461-E5BC1AB8A40F}.Debug|Any CPU.Build.0 = Debug|Any CPU
		{8525A671-EE8D-BA00-5461-E5BC1AB8A40F}.Release|Any CPU.ActiveCfg = Release|Any CPU
		{8525A671-EE8D-BA00-5461-E5BC1AB8A40F}.Release|Any CPU.Build.0 = Release|Any CPU
	EndGlobalSection
	GlobalSection(SolutionProperties) = preSolution
		HideSolutionNode = FALSE
	EndGlobalSection
EndGlobal
